// !$*UTF8*$!
{
	archiveVersion = 1;
	classes = {
	};
	objectVersion = 56;
	objects = {

/* Begin PBXBuildFile section */
		862AF0112AFF4B1B00555437 /* hello.GIF in Resources */ = {isa = PBXBuildFile; fileRef = 862AF00B2AFF4B1B00555437 /* hello.GIF */; };
		862AF0122AFF4B1B00555437 /* glasses.GIF in Resources */ = {isa = PBXBuildFile; fileRef = 862AF00C2AFF4B1B00555437 /* glasses.GIF */; };
		862AF0132AFF4B1B00555437 /* laugh.GIF in Resources */ = {isa = PBXBuildFile; fileRef = 862AF00D2AFF4B1B00555437 /* laugh.GIF */; };
		862AF0142AFF4B1B00555437 /* handwash.GIF in Resources */ = {isa = PBXBuildFile; fileRef = 862AF00E2AFF4B1B00555437 /* handwash.GIF */; };
		862AF0152AFF4B1B00555437 /* whatever.GIF in Resources */ = {isa = PBXBuildFile; fileRef = 862AF00F2AFF4B1B00555437 /* whatever.GIF */; };
		862AF0162AFF4B1B00555437 /* wow.GIF in Resources */ = {isa = PBXBuildFile; fileRef = 862AF0102AFF4B1B00555437 /* wow.GIF */; };
		862AF01B2B003C3800555437 /* Gifu in Frameworks */ = {isa = PBXBuildFile; productRef = 862AF01A2B003C3800555437 /* Gifu */; };
		862AF01D2B0040F300555437 /* header.gif in Resources */ = {isa = PBXBuildFile; fileRef = 862AF01C2B0040F300555437 /* header.gif */; };
		862AF0202B00445D00555437 /* SDWebImage in Frameworks */ = {isa = PBXBuildFile; productRef = 862AF01F2B00445D00555437 /* SDWebImage */; };
		862AF0222B00445D00555437 /* SDWebImageMapKit in Frameworks */ = {isa = PBXBuildFile; productRef = 862AF0212B00445D00555437 /* SDWebImageMapKit */; };
		865A37202B010D6800D3FFCF /* SwiftyGif in Frameworks */ = {isa = PBXBuildFile; productRef = 865A371F2B010D6800D3FFCF /* SwiftyGif */; };
		865F1B1F2AFC2227001AF1AD /* AppDelegate.swift in Sources */ = {isa = PBXBuildFile; fileRef = 865F1B1E2AFC2227001AF1AD /* AppDelegate.swift */; };
		865F1B212AFC2227001AF1AD /* SceneDelegate.swift in Sources */ = {isa = PBXBuildFile; fileRef = 865F1B202AFC2227001AF1AD /* SceneDelegate.swift */; };
		865F1B232AFC2227001AF1AD /* ViewController.swift in Sources */ = {isa = PBXBuildFile; fileRef = 865F1B222AFC2227001AF1AD /* ViewController.swift */; };
		865F1B262AFC2227001AF1AD /* Main.storyboard in Resources */ = {isa = PBXBuildFile; fileRef = 865F1B242AFC2227001AF1AD /* Main.storyboard */; };
		865F1B282AFC2228001AF1AD /* Assets.xcassets in Resources */ = {isa = PBXBuildFile; fileRef = 865F1B272AFC2228001AF1AD /* Assets.xcassets */; };
		865F1B2B2AFC2228001AF1AD /* LaunchScreen.storyboard in Resources */ = {isa = PBXBuildFile; fileRef = 865F1B292AFC2228001AF1AD /* LaunchScreen.storyboard */; };
		865F1B332AFC2284001AF1AD /* MoviePlayerView.swift in Sources */ = {isa = PBXBuildFile; fileRef = 865F1B322AFC2284001AF1AD /* MoviePlayerView.swift */; };
		865F1B352AFC22B4001AF1AD /* Movie.swift in Sources */ = {isa = PBXBuildFile; fileRef = 865F1B342AFC22B4001AF1AD /* Movie.swift */; };
		865F1B372AFC234C001AF1AD /* PlayerButton.swift in Sources */ = {isa = PBXBuildFile; fileRef = 865F1B362AFC234C001AF1AD /* PlayerButton.swift */; };
		865F1B3B2AFC4A04001AF1AD /* AppUtility.swift in Sources */ = {isa = PBXBuildFile; fileRef = 865F1B3A2AFC4A04001AF1AD /* AppUtility.swift */; };
		865F1B3D2AFC4B66001AF1AD /* EditorViewController.swift in Sources */ = {isa = PBXBuildFile; fileRef = 865F1B3C2AFC4B66001AF1AD /* EditorViewController.swift */; };
/* End PBXBuildFile section */

/* Begin PBXFileReference section */
		862AF00B2AFF4B1B00555437 /* hello.GIF */ = {isa = PBXFileReference; lastKnownFileType = image.gif; path = hello.GIF; sourceTree = "<group>"; };
		862AF00C2AFF4B1B00555437 /* glasses.GIF */ = {isa = PBXFileReference; lastKnownFileType = image.gif; path = glasses.GIF; sourceTree = "<group>"; };
		862AF00D2AFF4B1B00555437 /* laugh.GIF */ = {isa = PBXFileReference; lastKnownFileType = image.gif; path = laugh.GIF; sourceTree = "<group>"; };
		862AF00E2AFF4B1B00555437 /* handwash.GIF */ = {isa = PBXFileReference; lastKnownFileType = image.gif; path = handwash.GIF; sourceTree = "<group>"; };
		862AF00F2AFF4B1B00555437 /* whatever.GIF */ = {isa = PBXFileReference; lastKnownFileType = image.gif; path = whatever.GIF; sourceTree = "<group>"; };
		862AF0102AFF4B1B00555437 /* wow.GIF */ = {isa = PBXFileReference; lastKnownFileType = image.gif; path = wow.GIF; sourceTree = "<group>"; };
		862AF01C2B0040F300555437 /* header.gif */ = {isa = PBXFileReference; lastKnownFileType = image.gif; path = header.gif; sourceTree = "<group>"; };
		865F1B1B2AFC2227001AF1AD /* VideoEditor.app */ = {isa = PBXFileReference; explicitFileType = wrapper.application; includeInIndex = 0; path = VideoEditor.app; sourceTree = BUILT_PRODUCTS_DIR; };
		865F1B1E2AFC2227001AF1AD /* AppDelegate.swift */ = {isa = PBXFileReference; lastKnownFileType = sourcecode.swift; path = AppDelegate.swift; sourceTree = "<group>"; };
		865F1B202AFC2227001AF1AD /* SceneDelegate.swift */ = {isa = PBXFileReference; lastKnownFileType = sourcecode.swift; path = SceneDelegate.swift; sourceTree = "<group>"; };
		865F1B222AFC2227001AF1AD /* ViewController.swift */ = {isa = PBXFileReference; lastKnownFileType = sourcecode.swift; path = ViewController.swift; sourceTree = "<group>"; };
		865F1B252AFC2227001AF1AD /* Base */ = {isa = PBXFileReference; lastKnownFileType = file.storyboard; name = Base; path = Base.lproj/Main.storyboard; sourceTree = "<group>"; };
		865F1B272AFC2228001AF1AD /* Assets.xcassets */ = {isa = PBXFileReference; lastKnownFileType = folder.assetcatalog; path = Assets.xcassets; sourceTree = "<group>"; };
		865F1B2A2AFC2228001AF1AD /* Base */ = {isa = PBXFileReference; lastKnownFileType = file.storyboard; name = Base; path = Base.lproj/LaunchScreen.storyboard; sourceTree = "<group>"; };
		865F1B2C2AFC2228001AF1AD /* Info.plist */ = {isa = PBXFileReference; lastKnownFileType = text.plist.xml; path = Info.plist; sourceTree = "<group>"; };
		865F1B322AFC2284001AF1AD /* MoviePlayerView.swift */ = {isa = PBXFileReference; lastKnownFileType = sourcecode.swift; path = MoviePlayerView.swift; sourceTree = "<group>"; };
		865F1B342AFC22B4001AF1AD /* Movie.swift */ = {isa = PBXFileReference; lastKnownFileType = sourcecode.swift; path = Movie.swift; sourceTree = "<group>"; };
		865F1B362AFC234C001AF1AD /* PlayerButton.swift */ = {isa = PBXFileReference; lastKnownFileType = sourcecode.swift; path = PlayerButton.swift; sourceTree = "<group>"; };
		865F1B3A2AFC4A04001AF1AD /* AppUtility.swift */ = {isa = PBXFileReference; lastKnownFileType = sourcecode.swift; path = AppUtility.swift; sourceTree = "<group>"; };
		865F1B3C2AFC4B66001AF1AD /* EditorViewController.swift */ = {isa = PBXFileReference; lastKnownFileType = sourcecode.swift; path = EditorViewController.swift; sourceTree = "<group>"; };
/* End PBXFileReference section */

/* Begin PBXFrameworksBuildPhase section */
		865F1B182AFC2227001AF1AD /* Frameworks */ = {
			isa = PBXFrameworksBuildPhase;
			buildActionMask = 2147483647;
			files = (
				862AF0202B00445D00555437 /* SDWebImage in Frameworks */,
				865A37202B010D6800D3FFCF /* SwiftyGif in Frameworks */,
				862AF0222B00445D00555437 /* SDWebImageMapKit in Frameworks */,
				862AF01B2B003C3800555437 /* Gifu in Frameworks */,
			);
			runOnlyForDeploymentPostprocessing = 0;
		};
/* End PBXFrameworksBuildPhase section */

/* Begin PBXGroup section */
		862AF00A2AFF4B0100555437 /* Supporting Files */ = {
			isa = PBXGroup;
			children = (
				862AF0102AFF4B1B00555437 /* wow.GIF */,
				862AF00B2AFF4B1B00555437 /* hello.GIF */,
				862AF00E2AFF4B1B00555437 /* handwash.GIF */,
				862AF01C2B0040F300555437 /* header.gif */,
				862AF00C2AFF4B1B00555437 /* glasses.GIF */,
				862AF00D2AFF4B1B00555437 /* laugh.GIF */,
				862AF00F2AFF4B1B00555437 /* whatever.GIF */,
			);
			path = "Supporting Files";
			sourceTree = "<group>";
		};
		865F1B122AFC2227001AF1AD = {
			isa = PBXGroup;
			children = (
				865F1B1D2AFC2227001AF1AD /* VideoEditor */,
				865F1B1C2AFC2227001AF1AD /* Products */,
			);
			sourceTree = "<group>";
		};
		865F1B1C2AFC2227001AF1AD /* Products */ = {
			isa = PBXGroup;
			children = (
				865F1B1B2AFC2227001AF1AD /* VideoEditor.app */,
			);
			name = Products;
			sourceTree = "<group>";
		};
		865F1B1D2AFC2227001AF1AD /* VideoEditor */ = {
			isa = PBXGroup;
			children = (
				862AF00A2AFF4B0100555437 /* Supporting Files */,
				865F1B1E2AFC2227001AF1AD /* AppDelegate.swift */,
				865F1B202AFC2227001AF1AD /* SceneDelegate.swift */,
				865F1B222AFC2227001AF1AD /* ViewController.swift */,
				865F1B3C2AFC4B66001AF1AD /* EditorViewController.swift */,
				865F1B322AFC2284001AF1AD /* MoviePlayerView.swift */,
				865F1B362AFC234C001AF1AD /* PlayerButton.swift */,
				865F1B342AFC22B4001AF1AD /* Movie.swift */,
				865F1B242AFC2227001AF1AD /* Main.storyboard */,
				865F1B272AFC2228001AF1AD /* Assets.xcassets */,
				865F1B292AFC2228001AF1AD /* LaunchScreen.storyboard */,
				865F1B2C2AFC2228001AF1AD /* Info.plist */,
				865F1B3A2AFC4A04001AF1AD /* AppUtility.swift */,
			);
			path = VideoEditor;
			sourceTree = "<group>";
		};
/* End PBXGroup section */

/* Begin PBXNativeTarget section */
		865F1B1A2AFC2227001AF1AD /* VideoEditor */ = {
			isa = PBXNativeTarget;
			buildConfigurationList = 865F1B2F2AFC2228001AF1AD /* Build configuration list for PBXNativeTarget "VideoEditor" */;
			buildPhases = (
				865F1B172AFC2227001AF1AD /* Sources */,
				865F1B182AFC2227001AF1AD /* Frameworks */,
				865F1B192AFC2227001AF1AD /* Resources */,
			);
			buildRules = (
			);
			dependencies = (
			);
			name = VideoEditor;
			packageProductDependencies = (
				862AF01A2B003C3800555437 /* Gifu */,
				862AF01F2B00445D00555437 /* SDWebImage */,
				862AF0212B00445D00555437 /* SDWebImageMapKit */,
				865A371F2B010D6800D3FFCF /* SwiftyGif */,
			);
			productName = VideoEditor;
			productReference = 865F1B1B2AFC2227001AF1AD /* VideoEditor.app */;
			productType = "com.apple.product-type.application";
		};
/* End PBXNativeTarget section */

/* Begin PBXProject section */
		865F1B132AFC2227001AF1AD /* Project object */ = {
			isa = PBXProject;
			attributes = {
				BuildIndependentTargetsInParallel = 1;
				LastSwiftUpdateCheck = 1500;
				LastUpgradeCheck = 1500;
				TargetAttributes = {
					865F1B1A2AFC2227001AF1AD = {
						CreatedOnToolsVersion = 15.0.1;
					};
				};
			};
			buildConfigurationList = 865F1B162AFC2227001AF1AD /* Build configuration list for PBXProject "VideoEditor" */;
			compatibilityVersion = "Xcode 14.0";
			developmentRegion = en;
			hasScannedForEncodings = 0;
			knownRegions = (
				en,
				Base,
			);
			mainGroup = 865F1B122AFC2227001AF1AD;
			packageReferences = (
				862AF0192B003C3800555437 /* XCRemoteSwiftPackageReference "Gifu" */,
				862AF01E2B00445D00555437 /* XCRemoteSwiftPackageReference "SDWebImage" */,
				865A371E2B010D6800D3FFCF /* XCRemoteSwiftPackageReference "SwiftyGif" */,
			);
			productRefGroup = 865F1B1C2AFC2227001AF1AD /* Products */;
			projectDirPath = "";
			projectRoot = "";
			targets = (
				865F1B1A2AFC2227001AF1AD /* VideoEditor */,
			);
		};
/* End PBXProject section */

/* Begin PBXResourcesBuildPhase section */
		865F1B192AFC2227001AF1AD /* Resources */ = {
			isa = PBXResourcesBuildPhase;
			buildActionMask = 2147483647;
			files = (
				865F1B2B2AFC2228001AF1AD /* LaunchScreen.storyboard in Resources */,
				862AF0162AFF4B1B00555437 /* wow.GIF in Resources */,
				865F1B282AFC2228001AF1AD /* Assets.xcassets in Resources */,
				862AF01D2B0040F300555437 /* header.gif in Resources */,
				862AF0122AFF4B1B00555437 /* glasses.GIF in Resources */,
				862AF0152AFF4B1B00555437 /* whatever.GIF in Resources */,
				865F1B262AFC2227001AF1AD /* Main.storyboard in Resources */,
				862AF0142AFF4B1B00555437 /* handwash.GIF in Resources */,
				862AF0132AFF4B1B00555437 /* laugh.GIF in Resources */,
				862AF0112AFF4B1B00555437 /* hello.GIF in Resources */,
			);
			runOnlyForDeploymentPostprocessing = 0;
		};
/* End PBXResourcesBuildPhase section */

/* Begin PBXSourcesBuildPhase section */
		865F1B172AFC2227001AF1AD /* Sources */ = {
			isa = PBXSourcesBuildPhase;
			buildActionMask = 2147483647;
			files = (
				865F1B3B2AFC4A04001AF1AD /* AppUtility.swift in Sources */,
				865F1B372AFC234C001AF1AD /* PlayerButton.swift in Sources */,
				865F1B332AFC2284001AF1AD /* MoviePlayerView.swift in Sources */,
				865F1B3D2AFC4B66001AF1AD /* EditorViewController.swift in Sources */,
				865F1B232AFC2227001AF1AD /* ViewController.swift in Sources */,
				865F1B1F2AFC2227001AF1AD /* AppDelegate.swift in Sources */,
				865F1B212AFC2227001AF1AD /* SceneDelegate.swift in Sources */,
				865F1B352AFC22B4001AF1AD /* Movie.swift in Sources */,
			);
			runOnlyForDeploymentPostprocessing = 0;
		};
/* End PBXSourcesBuildPhase section */

/* Begin PBXVariantGroup section */
		865F1B242AFC2227001AF1AD /* Main.storyboard */ = {
			isa = PBXVariantGroup;
			children = (
				865F1B252AFC2227001AF1AD /* Base */,
			);
			name = Main.storyboard;
			sourceTree = "<group>";
		};
		865F1B292AFC2228001AF1AD /* LaunchScreen.storyboard */ = {
			isa = PBXVariantGroup;
			children = (
				865F1B2A2AFC2228001AF1AD /* Base */,
			);
			name = LaunchScreen.storyboard;
			sourceTree = "<group>";
		};
/* End PBXVariantGroup section */

/* Begin XCBuildConfiguration section */
		865F1B2D2AFC2228001AF1AD /* Debug */ = {
			isa = XCBuildConfiguration;
			buildSettings = {
				ALWAYS_SEARCH_USER_PATHS = NO;
				ASSETCATALOG_COMPILER_GENERATE_SWIFT_ASSET_SYMBOL_EXTENSIONS = YES;
				CLANG_ANALYZER_NONNULL = YES;
				CLANG_ANALYZER_NUMBER_OBJECT_CONVERSION = YES_AGGRESSIVE;
				CLANG_CXX_LANGUAGE_STANDARD = "gnu++20";
				CLANG_ENABLE_MODULES = YES;
				CLANG_ENABLE_OBJC_ARC = YES;
				CLANG_ENABLE_OBJC_WEAK = YES;
				CLANG_WARN_BLOCK_CAPTURE_AUTORELEASING = YES;
				CLANG_WARN_BOOL_CONVERSION = YES;
				CLANG_WARN_COMMA = YES;
				CLANG_WARN_CONSTANT_CONVERSION = YES;
				CLANG_WARN_DEPRECATED_OBJC_IMPLEMENTATIONS = YES;
				CLANG_WARN_DIRECT_OBJC_ISA_USAGE = YES_ERROR;
				CLANG_WARN_DOCUMENTATION_COMMENTS = YES;
				CLANG_WARN_EMPTY_BODY = YES;
				CLANG_WARN_ENUM_CONVERSION = YES;
				CLANG_WARN_INFINITE_RECURSION = YES;
				CLANG_WARN_INT_CONVERSION = YES;
				CLANG_WARN_NON_LITERAL_NULL_CONVERSION = YES;
				CLANG_WARN_OBJC_IMPLICIT_RETAIN_SELF = YES;
				CLANG_WARN_OBJC_LITERAL_CONVERSION = YES;
				CLANG_WARN_OBJC_ROOT_CLASS = YES_ERROR;
				CLANG_WARN_QUOTED_INCLUDE_IN_FRAMEWORK_HEADER = YES;
				CLANG_WARN_RANGE_LOOP_ANALYSIS = YES;
				CLANG_WARN_STRICT_PROTOTYPES = YES;
				CLANG_WARN_SUSPICIOUS_MOVE = YES;
				CLANG_WARN_UNGUARDED_AVAILABILITY = YES_AGGRESSIVE;
				CLANG_WARN_UNREACHABLE_CODE = YES;
				CLANG_WARN__DUPLICATE_METHOD_MATCH = YES;
				COPY_PHASE_STRIP = NO;
				DEBUG_INFORMATION_FORMAT = dwarf;
				ENABLE_STRICT_OBJC_MSGSEND = YES;
				ENABLE_TESTABILITY = YES;
				ENABLE_USER_SCRIPT_SANDBOXING = YES;
				GCC_C_LANGUAGE_STANDARD = gnu17;
				GCC_DYNAMIC_NO_PIC = NO;
				GCC_NO_COMMON_BLOCKS = YES;
				GCC_OPTIMIZATION_LEVEL = 0;
				GCC_PREPROCESSOR_DEFINITIONS = (
					"DEBUG=1",
					"$(inherited)",
				);
				GCC_WARN_64_TO_32_BIT_CONVERSION = YES;
				GCC_WARN_ABOUT_RETURN_TYPE = YES_ERROR;
				GCC_WARN_UNDECLARED_SELECTOR = YES;
				GCC_WARN_UNINITIALIZED_AUTOS = YES_AGGRESSIVE;
				GCC_WARN_UNUSED_FUNCTION = YES;
				GCC_WARN_UNUSED_VARIABLE = YES;
				IPHONEOS_DEPLOYMENT_TARGET = 14.0;
				LOCALIZATION_PREFERS_STRING_CATALOGS = YES;
				MTL_ENABLE_DEBUG_INFO = INCLUDE_SOURCE;
				MTL_FAST_MATH = YES;
				ONLY_ACTIVE_ARCH = YES;
				SDKROOT = iphoneos;
				SWIFT_ACTIVE_COMPILATION_CONDITIONS = "DEBUG $(inherited)";
				SWIFT_OPTIMIZATION_LEVEL = "-Onone";
			};
			name = Debug;
		};
		865F1B2E2AFC2228001AF1AD /* Release */ = {
			isa = XCBuildConfiguration;
			buildSettings = {
				ALWAYS_SEARCH_USER_PATHS = NO;
				ASSETCATALOG_COMPILER_GENERATE_SWIFT_ASSET_SYMBOL_EXTENSIONS = YES;
				CLANG_ANALYZER_NONNULL = YES;
				CLANG_ANALYZER_NUMBER_OBJECT_CONVERSION = YES_AGGRESSIVE;
				CLANG_CXX_LANGUAGE_STANDARD = "gnu++20";
				CLANG_ENABLE_MODULES = YES;
				CLANG_ENABLE_OBJC_ARC = YES;
				CLANG_ENABLE_OBJC_WEAK = YES;
				CLANG_WARN_BLOCK_CAPTURE_AUTORELEASING = YES;
				CLANG_WARN_BOOL_CONVERSION = YES;
				CLANG_WARN_COMMA = YES;
				CLANG_WARN_CONSTANT_CONVERSION = YES;
				CLANG_WARN_DEPRECATED_OBJC_IMPLEMENTATIONS = YES;
				CLANG_WARN_DIRECT_OBJC_ISA_USAGE = YES_ERROR;
				CLANG_WARN_DOCUMENTATION_COMMENTS = YES;
				CLANG_WARN_EMPTY_BODY = YES;
				CLANG_WARN_ENUM_CONVERSION = YES;
				CLANG_WARN_INFINITE_RECURSION = YES;
				CLANG_WARN_INT_CONVERSION = YES;
				CLANG_WARN_NON_LITERAL_NULL_CONVERSION = YES;
				CLANG_WARN_OBJC_IMPLICIT_RETAIN_SELF = YES;
				CLANG_WARN_OBJC_LITERAL_CONVERSION = YES;
				CLANG_WARN_OBJC_ROOT_CLASS = YES_ERROR;
				CLANG_WARN_QUOTED_INCLUDE_IN_FRAMEWORK_HEADER = YES;
				CLANG_WARN_RANGE_LOOP_ANALYSIS = YES;
				CLANG_WARN_STRICT_PROTOTYPES = YES;
				CLANG_WARN_SUSPICIOUS_MOVE = YES;
				CLANG_WARN_UNGUARDED_AVAILABILITY = YES_AGGRESSIVE;
				CLANG_WARN_UNREACHABLE_CODE = YES;
				CLANG_WARN__DUPLICATE_METHOD_MATCH = YES;
				COPY_PHASE_STRIP = NO;
				DEBUG_INFORMATION_FORMAT = "dwarf-with-dsym";
				ENABLE_NS_ASSERTIONS = NO;
				ENABLE_STRICT_OBJC_MSGSEND = YES;
				ENABLE_USER_SCRIPT_SANDBOXING = YES;
				GCC_C_LANGUAGE_STANDARD = gnu17;
				GCC_NO_COMMON_BLOCKS = YES;
				GCC_WARN_64_TO_32_BIT_CONVERSION = YES;
				GCC_WARN_ABOUT_RETURN_TYPE = YES_ERROR;
				GCC_WARN_UNDECLARED_SELECTOR = YES;
				GCC_WARN_UNINITIALIZED_AUTOS = YES_AGGRESSIVE;
				GCC_WARN_UNUSED_FUNCTION = YES;
				GCC_WARN_UNUSED_VARIABLE = YES;
				IPHONEOS_DEPLOYMENT_TARGET = 14.0;
				LOCALIZATION_PREFERS_STRING_CATALOGS = YES;
				MTL_ENABLE_DEBUG_INFO = NO;
				MTL_FAST_MATH = YES;
				SDKROOT = iphoneos;
				SWIFT_COMPILATION_MODE = wholemodule;
				VALIDATE_PRODUCT = YES;
			};
			name = Release;
		};
		865F1B302AFC2228001AF1AD /* Debug */ = {
			isa = XCBuildConfiguration;
			buildSettings = {
				ASSETCATALOG_COMPILER_APPICON_NAME = AppIcon;
				ASSETCATALOG_COMPILER_GLOBAL_ACCENT_COLOR_NAME = AccentColor;
				CODE_SIGN_STYLE = Automatic;
				CURRENT_PROJECT_VERSION = 1;
				DEVELOPMENT_TEAM = 2CHAUKSY96;
				GENERATE_INFOPLIST_FILE = YES;
				INFOPLIST_FILE = VideoEditor/Info.plist;
				INFOPLIST_KEY_UIApplicationSupportsIndirectInputEvents = YES;
				INFOPLIST_KEY_UILaunchStoryboardName = LaunchScreen;
				INFOPLIST_KEY_UIMainStoryboardFile = Main;
				INFOPLIST_KEY_UISupportedInterfaceOrientations_iPad = "UIInterfaceOrientationPortrait UIInterfaceOrientationPortraitUpsideDown UIInterfaceOrientationLandscapeLeft UIInterfaceOrientationLandscapeRight";
				INFOPLIST_KEY_UISupportedInterfaceOrientations_iPhone = "UIInterfaceOrientationPortrait UIInterfaceOrientationLandscapeLeft UIInterfaceOrientationLandscapeRight";
				LD_RUNPATH_SEARCH_PATHS = (
					"$(inherited)",
					"@executable_path/Frameworks",
				);
				MARKETING_VERSION = 1.0;
				PRODUCT_BUNDLE_IDENTIFIER = com.mohtasimabrar.VideoEditor;
				PRODUCT_NAME = "$(TARGET_NAME)";
				SWIFT_EMIT_LOC_STRINGS = YES;
				SWIFT_VERSION = 5.0;
				TARGETED_DEVICE_FAMILY = "1,2";
			};
			name = Debug;
		};
		865F1B312AFC2228001AF1AD /* Release */ = {
			isa = XCBuildConfiguration;
			buildSettings = {
				ASSETCATALOG_COMPILER_APPICON_NAME = AppIcon;
				ASSETCATALOG_COMPILER_GLOBAL_ACCENT_COLOR_NAME = AccentColor;
				CODE_SIGN_STYLE = Automatic;
				CURRENT_PROJECT_VERSION = 1;
				DEVELOPMENT_TEAM = 2CHAUKSY96;
				GENERATE_INFOPLIST_FILE = YES;
				INFOPLIST_FILE = VideoEditor/Info.plist;
				INFOPLIST_KEY_UIApplicationSupportsIndirectInputEvents = YES;
				INFOPLIST_KEY_UILaunchStoryboardName = LaunchScreen;
				INFOPLIST_KEY_UIMainStoryboardFile = Main;
				INFOPLIST_KEY_UISupportedInterfaceOrientations_iPad = "UIInterfaceOrientationPortrait UIInterfaceOrientationPortraitUpsideDown UIInterfaceOrientationLandscapeLeft UIInterfaceOrientationLandscapeRight";
				INFOPLIST_KEY_UISupportedInterfaceOrientations_iPhone = "UIInterfaceOrientationPortrait UIInterfaceOrientationLandscapeLeft UIInterfaceOrientationLandscapeRight";
				LD_RUNPATH_SEARCH_PATHS = (
					"$(inherited)",
					"@executable_path/Frameworks",
				);
				MARKETING_VERSION = 1.0;
				PRODUCT_BUNDLE_IDENTIFIER = com.mohtasimabrar.VideoEditor;
				PRODUCT_NAME = "$(TARGET_NAME)";
				SWIFT_EMIT_LOC_STRINGS = YES;
				SWIFT_VERSION = 5.0;
				TARGETED_DEVICE_FAMILY = "1,2";
			};
			name = Release;
		};
/* End XCBuildConfiguration section */

/* Begin XCConfigurationList section */
		865F1B162AFC2227001AF1AD /* Build configuration list for PBXProject "VideoEditor" */ = {
			isa = XCConfigurationList;
			buildConfigurations = (
				865F1B2D2AFC2228001AF1AD /* Debug */,
				865F1B2E2AFC2228001AF1AD /* Release */,
			);
			defaultConfigurationIsVisible = 0;
			defaultConfigurationName = Release;
		};
		865F1B2F2AFC2228001AF1AD /* Build configuration list for PBXNativeTarget "VideoEditor" */ = {
			isa = XCConfigurationList;
			buildConfigurations = (
				865F1B302AFC2228001AF1AD /* Debug */,
				865F1B312AFC2228001AF1AD /* Release */,
			);
			defaultConfigurationIsVisible = 0;
			defaultConfigurationName = Release;
		};
/* End XCConfigurationList section */

/* Begin XCRemoteSwiftPackageReference section */
		862AF0192B003C3800555437 /* XCRemoteSwiftPackageReference "Gifu" */ = {
			isa = XCRemoteSwiftPackageReference;
			repositoryURL = "https://github.com/kaishin/Gifu";
			requirement = {
				kind = upToNextMajorVersion;
				minimumVersion = 3.2.2;
			};
		};
		862AF01E2B00445D00555437 /* XCRemoteSwiftPackageReference "SDWebImage" */ = {
			isa = XCRemoteSwiftPackageReference;
			repositoryURL = "https://github.com/SDWebImage/SDWebImage";
			requirement = {
				kind = upToNextMajorVersion;
				minimumVersion = 5.18.4;
			};
		};
		865A371E2B010D6800D3FFCF /* XCRemoteSwiftPackageReference "SwiftyGif" */ = {
			isa = XCRemoteSwiftPackageReference;
			repositoryURL = "https://github.com/kirualex/SwiftyGif.git";
			requirement = {
				kind = upToNextMajorVersion;
				minimumVersion = 5.4.4;
			};
		};
/* End XCRemoteSwiftPackageReference section */

/* Begin XCSwiftPackageProductDependency section */
		862AF01A2B003C3800555437 /* Gifu */ = {
			isa = XCSwiftPackageProductDependency;
			package = 862AF0192B003C3800555437 /* XCRemoteSwiftPackageReference "Gifu" */;
			productName = Gifu;
		};
		862AF01F2B00445D00555437 /* SDWebImage */ = {
			isa = XCSwiftPackageProductDependency;
			package = 862AF01E2B00445D00555437 /* XCRemoteSwiftPackageReference "SDWebImage" */;
			productName = SDWebImage;
		};
		862AF0212B00445D00555437 /* SDWebImageMapKit */ = {
			isa = XCSwiftPackageProductDependency;
			package = 862AF01E2B00445D00555437 /* XCRemoteSwiftPackageReference "SDWebImage" */;
			productName = SDWebImageMapKit;
		};
		865A371F2B010D6800D3FFCF /* SwiftyGif */ = {
			isa = XCSwiftPackageProductDependency;
			package = 865A371E2B010D6800D3FFCF /* XCRemoteSwiftPackageReference "SwiftyGif" */;
			productName = SwiftyGif;
		};
/* End XCSwiftPackageProductDependency section */
	};
	rootObject = 865F1B132AFC2227001AF1AD /* Project object */;
}
